{
  "name": "ark",
  "version": "0.0.0",
  "lockfileVersion": 3,
  "requires": true,
  "packages": {
    "": {
      "name": "ark",
      "version": "0.0.0",
      "dependencies": {
        "fs-ext": "^2.1.1"
      },
      "devDependencies": {
        "@types/fs-ext": "^2.0.3",
        "@types/node": "^26.6.4",
        "typescript": "^5"
      },
      "engines": {
        "node": ">=26"
      }
    },
    "node_modules/@types/fs-ext": {
      "version": "2.0.3",
      "resolved": "https://registry.npmjs.org/@types/fs-ext/-/fs-ext-2.0.3.tgz",
      "integrity": "sha512-0j2F+laosJF2NTd2DVheQ5GvXo8ln9L175VwLPfbsppE33iYC+6gn6XlOQS0pGvZm2yrQ32/LRZh0As/7rCs2Q==",
      "dev": true,
      "license": "MIT",
      "dependencies": {
        "@types/node": "*"
      }
    },
    "node_modules/@types/node": {
      "version": "26.6.4",
      "resolved": "https://registry.npmjs.org/@types/node/-/node-26.6.4.tgz",
      "integrity": "sha512-ldVPDCzj7fsaGZrLB0NuHuTvJcsNasysBAqMolr/cgxrLd1xbqxIr3XJiPnHHJUCxj5sNF1vnRj9aWnrVh5Jcg==",
      "dev": true,
      "license": "MIT",
      "dependencies": {
        "undici-types": "~8.9.0"
      }
    },
    "node_modules/fs-ext": {
      "version": "2.1.1",
      "resolved": "https://registry.npmjs.org/fs-ext/-/fs-ext-2.1.1.tgz",
      "integrity": "sha512-/TrISPOFhCkbgIRWK9lzscRzwPCu0PqtCcvMc9jsHKBgZGoqA0VzhspVht5Zu8lxaXjIYIBWILHpRotYkCCcQA==",
      "hasInstallScript": true,
      "dependencies": {
        "nan": "^2.21.0"
      },
      "engines": {
        "node": ">= 8.0.0"
      }
    },
    "node_modules/nan": {
      "version": "2.29.0",
      "resolved": "https://registry.npmjs.org/nan/-/nan-2.29.0.tgz",
      "integrity": "sha512-GlGk3HIvitbvs+LT3g6XUP1kpirKNvmDFwF/bmo6XNWSb/eYEs/O4bfgIEIXCZ+lIOTS5xNwDvSGMw6FJdAhtA==",
      "license": "MIT"
    },
    "node_modules/typescript": {
      "version": "5.9.3",
      "resolved": "https://registry.npmjs.org/typescript/-/typescript-5.9.3.tgz",
      "integrity": "sha512-jl1vZzPDinLr9eUt3J/t7V6FgNEw9QjvBPdysz9KfQDD41fQrC2Y4vKQdiaUpFT4bXlb1RHhLpp8wtm6M5TgSw==",
      "dev": true,
      "license": "Apache-2.0",
      "bin": {
        "tsc": "bin/tsc",
        "tsserver": "bin/tsserver"
      },
      "engines": {
        "node": ">=14.17"
      }
    },
    "node_modules/undici-types": {
      "version": "8.9.0",
      "resolved": "https://registry.npmjs.org/undici-types/-/undici-types-8.9.0.tgz",
      "integrity": "sha512-KTDyRTYX8sWmKXAikPHHSyc63CRPETMctyjKFupcC6OBLXT3xsN0e9aF7m+mIXutFWpUXuedtowG7iLOzp0kQg==",
      "dev": true,
      "license": "MIT"
    }
  }
}
